
Microsoft Visual Studio Solution File, Format Version 12.00
# Visual Studio Version 16
VisualStudioVersion = 16.0.29409.12
MinimumVisualStudioVersion = 10.0.40219.1
Project("{FAE04EC0-301F-11D3-BF4B-00C04F79EFBC}") = "GoogleDriveLoader", "src\GoogleDriveLoader\GoogleDriveLoader.csproj", "{B2A2C408-7896-400D-A550-0DD6506B5E34}"
EndProject
Global
	GlobalSection(SolutionConfigurationPlatforms) = preSolution
		Debug|Any CPU = Debug|Any CPU
		Release|Any CPU = Release|Any CPU
	EndGlobalSection
	GlobalSection(ProjectConfigurationPlatforms) = postSolution
		{B2A2C408-7896-400D-A550-0DD6506B5E34}.Debug|Any CPU.ActiveCfg = Debug|Any CPU
		{B2A2C408-7896-400D-A550-0DD6506B5E34}.Debug|Any CPU.Build.0 = Debug|Any CPU
		{B2A2C408-7896-400D-A550-0DD6506B5E34}.Release|Any CPU.ActiveCfg = Release|Any CPU
		{B2A2C408-7896-400D-A550-0DD6506B5E34}.Release|Any CPU.Build.0 = Release|Any CPU
	EndGlobalSection
	GlobalSection(SolutionProperties) = preSolution
		HideSolutionNode = FALSE
	EndGlobalSection
	GlobalSection(ExtensibilityGlobals) = postSolution
		SolutionGuid = {C71F6C97-3510-4F63-AFBB-FC22283A7C16}
	EndGlobalSection
EndGlobal
